PODS:
  - Alamofire (4.9.0)
  - R.swift (5.2.2):
    - R.swift.Library (~> 5.2.0)
  - R.swift.Library (5.2.0)
  - SwiftFormat/CLI (0.44.8)
  - SwiftLint (0.39.2)
  - SwiftyJSON (5.0.0)

DEPENDENCIES:
  - Alamofire
  - R.swift
  - SwiftFormat/CLI
  - SwiftLint
  - SwiftyJSON

SPEC REPOS:
  trunk:
    - Alamofire
    - R.swift
    - R.swift.Library
    - SwiftFormat
    - SwiftLint
    - SwiftyJSON

SPEC CHECKSUMS:
  Alamofire: afc3e7c6db61476cb45cdd23fed06bad03bbc321
  R.swift: 7c52cdc57a66840ffe6cbd8a823d732059d42a32
  R.swift.Library: 5ba4f1631300caf9a4d890186930da85d540769d
  SwiftFormat: 4797d1b148ee7575901fb0f3dadab60b1c9617dc
  SwiftLint: 22ccbbe3b8008684be5955693bab135e0ed6a447
  SwiftyJSON: 36413e04c44ee145039d332b4f4e2d3e8d6c4db7

PODFILE CHECKSUM: 41d48261f52d91d219fa046715a85c93b65196e7

COCOAPODS: 1.8.4
